PODS:
  - OAuthSwift (1.2.0)
  - Swinject (2.0.0)
  - SwinjectPropertyLoader (1.0.0):
    - Swinject (~> 2.0.0)

DEPENDENCIES:
  - OAuthSwift
  - Swinject
  - SwinjectPropertyLoader

SPEC CHECKSUMS:
  OAuthSwift: 7fd6855b8e4d58eb5a30d156ea9bed7a8aecd1ca
  Swinject: 2e964a80d70ab09b3949c99032711f89147bfd60
  SwinjectPropertyLoader: 5b26a1d3a6ba44fbe61425e06aba18ed64b76f4e

PODFILE CHECKSUM: 0342a31ce208d1bc3885f44f2439f00ecee82f8f

COCOAPODS: 1.3.1
