// !$*UTF8*$!
{
	archiveVersion = 1;
	classes = {
	};
	objectVersion = 50;
	objects = {

/* Begin PBXBuildFile section */
		0E37970D2040D23DF0CD17B7 /* Pods_POTUITests.framework in Frameworks */ = {isa = PBXBuildFile; fileRef = FE2D3EDC2D4087BD3BCA835C /* Pods_POTUITests.framework */; };
		4311677720AE1DE7000A150B /* techno_penguin.json in Resources */ = {isa = PBXBuildFile; fileRef = 4311677620AE1DE7000A150B /* techno_penguin.json */; };
		4328572A20AE094B00310970 /* ArtistTableViewCell.swift in Sources */ = {isa = PBXBuildFile; fileRef = 4328572920AE094B00310970 /* ArtistTableViewCell.swift */; };
		4328572C20AE0C3400310970 /* TopArtistsTests.swift in Sources */ = {isa = PBXBuildFile; fileRef = 4328572B20AE0C3400310970 /* TopArtistsTests.swift */; };
		4328572F20AE0E8B00310970 /* TopViewModel.swift in Sources */ = {isa = PBXBuildFile; fileRef = 43679AC220ADD35E00E79661 /* TopViewModel.swift */; };
		4328573020AE0F0100310970 /* TopApi.swift in Sources */ = {isa = PBXBuildFile; fileRef = 43679AC020ADD34C00E79661 /* TopApi.swift */; };
		4328573120AE0F0800310970 /* SpotifyAccess.swift in Sources */ = {isa = PBXBuildFile; fileRef = 43679AB720AD202700E79661 /* SpotifyAccess.swift */; };
		4328573220AE0F0B00310970 /* Authorization.swift in Sources */ = {isa = PBXBuildFile; fileRef = 43679AB920ADC9B000E79661 /* Authorization.swift */; };
		4328573320AE0F0E00310970 /* Artist.swift in Sources */ = {isa = PBXBuildFile; fileRef = 4342673720ADF79A00414FE2 /* Artist.swift */; };
		4328573420AE0F3000310970 /* Endpoint.swift in Sources */ = {isa = PBXBuildFile; fileRef = 437E5C0D20A60BBA00C909E2 /* Endpoint.swift */; };
		4328573520AE0F3700310970 /* HTTPMethod.swift in Sources */ = {isa = PBXBuildFile; fileRef = 437E5C0F20A60C0A00C909E2 /* HTTPMethod.swift */; };
		4328573620AE0F3D00310970 /* HTTPTask.swift in Sources */ = {isa = PBXBuildFile; fileRef = 437E5C1120A60C2900C909E2 /* HTTPTask.swift */; };
		4328573720AE0F4F00310970 /* Service.swift in Sources */ = {isa = PBXBuildFile; fileRef = 437E5C1C20A6103D00C909E2 /* Service.swift */; };
		4328573820AE0F5400310970 /* NetworkService.swift in Sources */ = {isa = PBXBuildFile; fileRef = 437E5C1A20A60FDE00C909E2 /* NetworkService.swift */; };
		4328573920AE0F6900310970 /* Session.swift in Sources */ = {isa = PBXBuildFile; fileRef = 437E5C1E20A6109A00C909E2 /* Session.swift */; };
		4328573A20AE0F7600310970 /* ParamterEncoder.swift in Sources */ = {isa = PBXBuildFile; fileRef = 437E5C1320A60CDE00C909E2 /* ParamterEncoder.swift */; };
		4328573B20AE0F8000310970 /* JSONParameterEncoder.swift in Sources */ = {isa = PBXBuildFile; fileRef = 4342673220ADE8B100414FE2 /* JSONParameterEncoder.swift */; };
		4328573C20AE0F8200310970 /* JSONDecipher.swift in Sources */ = {isa = PBXBuildFile; fileRef = 4342673B20ADF8CF00414FE2 /* JSONDecipher.swift */; };
		4328573D20AE0F8600310970 /* URLParameterEncoder.swift in Sources */ = {isa = PBXBuildFile; fileRef = 437E5C1820A60E0A00C909E2 /* URLParameterEncoder.swift */; };
		4328573E20AE0F9300310970 /* HTTPError.swift in Sources */ = {isa = PBXBuildFile; fileRef = 437E5C1520A60DA300C909E2 /* HTTPError.swift */; };
		4328573F20AE107E00310970 /* Decipher.swift in Sources */ = {isa = PBXBuildFile; fileRef = 4342673920ADF87400414FE2 /* Decipher.swift */; };
		4342673320ADE8B100414FE2 /* JSONParameterEncoder.swift in Sources */ = {isa = PBXBuildFile; fileRef = 4342673220ADE8B100414FE2 /* JSONParameterEncoder.swift */; };
		4342673620ADF1CF00414FE2 /* Injector.swift in Sources */ = {isa = PBXBuildFile; fileRef = 4342673520ADF1CF00414FE2 /* Injector.swift */; };
		4342673820ADF79A00414FE2 /* Artist.swift in Sources */ = {isa = PBXBuildFile; fileRef = 4342673720ADF79A00414FE2 /* Artist.swift */; };
		4342673A20ADF87400414FE2 /* Decipher.swift in Sources */ = {isa = PBXBuildFile; fileRef = 4342673920ADF87400414FE2 /* Decipher.swift */; };
		4342673C20ADF8CF00414FE2 /* JSONDecipher.swift in Sources */ = {isa = PBXBuildFile; fileRef = 4342673B20ADF8CF00414FE2 /* JSONDecipher.swift */; };
		43679AB820AD202700E79661 /* SpotifyAccess.swift in Sources */ = {isa = PBXBuildFile; fileRef = 43679AB720AD202700E79661 /* SpotifyAccess.swift */; };
		43679ABA20ADC9B000E79661 /* Authorization.swift in Sources */ = {isa = PBXBuildFile; fileRef = 43679AB920ADC9B000E79661 /* Authorization.swift */; };
		43679ABD20ADD32700E79661 /* TopViewController.swift in Sources */ = {isa = PBXBuildFile; fileRef = 43679ABC20ADD32700E79661 /* TopViewController.swift */; };
		43679ABF20ADD34000E79661 /* Top.storyboard in Resources */ = {isa = PBXBuildFile; fileRef = 43679ABE20ADD34000E79661 /* Top.storyboard */; };
		43679AC120ADD34C00E79661 /* TopApi.swift in Sources */ = {isa = PBXBuildFile; fileRef = 43679AC020ADD34C00E79661 /* TopApi.swift */; };
		43679AC320ADD35E00E79661 /* TopViewModel.swift in Sources */ = {isa = PBXBuildFile; fileRef = 43679AC220ADD35E00E79661 /* TopViewModel.swift */; };
		437E5C0E20A60BBA00C909E2 /* Endpoint.swift in Sources */ = {isa = PBXBuildFile; fileRef = 437E5C0D20A60BBA00C909E2 /* Endpoint.swift */; };
		437E5C1020A60C0A00C909E2 /* HTTPMethod.swift in Sources */ = {isa = PBXBuildFile; fileRef = 437E5C0F20A60C0A00C909E2 /* HTTPMethod.swift */; };
		437E5C1220A60C2900C909E2 /* HTTPTask.swift in Sources */ = {isa = PBXBuildFile; fileRef = 437E5C1120A60C2900C909E2 /* HTTPTask.swift */; };
		437E5C1420A60CDE00C909E2 /* ParamterEncoder.swift in Sources */ = {isa = PBXBuildFile; fileRef = 437E5C1320A60CDE00C909E2 /* ParamterEncoder.swift */; };
		437E5C1620A60DA300C909E2 /* HTTPError.swift in Sources */ = {isa = PBXBuildFile; fileRef = 437E5C1520A60DA300C909E2 /* HTTPError.swift */; };
		437E5C1920A60E0A00C909E2 /* URLParameterEncoder.swift in Sources */ = {isa = PBXBuildFile; fileRef = 437E5C1820A60E0A00C909E2 /* URLParameterEncoder.swift */; };
		437E5C1B20A60FDE00C909E2 /* NetworkService.swift in Sources */ = {isa = PBXBuildFile; fileRef = 437E5C1A20A60FDE00C909E2 /* NetworkService.swift */; };
		437E5C1D20A6103D00C909E2 /* Service.swift in Sources */ = {isa = PBXBuildFile; fileRef = 437E5C1C20A6103D00C909E2 /* Service.swift */; };
		437E5C1F20A6109A00C909E2 /* Session.swift in Sources */ = {isa = PBXBuildFile; fileRef = 437E5C1E20A6109A00C909E2 /* Session.swift */; };
		4396706820A5E33F002BC11E /* AppDelegate.swift in Sources */ = {isa = PBXBuildFile; fileRef = 4396706720A5E33F002BC11E /* AppDelegate.swift */; };
		4396706D20A5E33F002BC11E /* Main.storyboard in Resources */ = {isa = PBXBuildFile; fileRef = 4396706B20A5E33F002BC11E /* Main.storyboard */; };
		4396706F20A5E340002BC11E /* Assets.xcassets in Resources */ = {isa = PBXBuildFile; fileRef = 4396706E20A5E340002BC11E /* Assets.xcassets */; };
		4396707220A5E340002BC11E /* LaunchScreen.storyboard in Resources */ = {isa = PBXBuildFile; fileRef = 4396707020A5E340002BC11E /* LaunchScreen.storyboard */; };
		4396708820A5E340002BC11E /* POTUITests.swift in Sources */ = {isa = PBXBuildFile; fileRef = 4396708720A5E340002BC11E /* POTUITests.swift */; };
		4396709820A5E9D1002BC11E /* Login.storyboard in Resources */ = {isa = PBXBuildFile; fileRef = 4396709720A5E9D1002BC11E /* Login.storyboard */; };
		4396709A20A5E9EA002BC11E /* LoginViewController.swift in Sources */ = {isa = PBXBuildFile; fileRef = 4396709920A5E9EA002BC11E /* LoginViewController.swift */; };
		43EB8B7220AA3C5E00214856 /* LoginApi.swift in Sources */ = {isa = PBXBuildFile; fileRef = 43EB8B7120AA3C5E00214856 /* LoginApi.swift */; };
		43EB8B7420AD1AD700214856 /* LoginViewModel.swift in Sources */ = {isa = PBXBuildFile; fileRef = 43EB8B7320AD1AD700214856 /* LoginViewModel.swift */; };
		43EB8B7620AD1C5C00214856 /* SpotifyAccess.plist in Resources */ = {isa = PBXBuildFile; fileRef = 43EB8B7520AD1C5C00214856 /* SpotifyAccess.plist */; };
		56A5315D21BE4509D7FDFCB2 /* Pods_POT.framework in Frameworks */ = {isa = PBXBuildFile; fileRef = FD771384FD5F07C6EFEF64E1 /* Pods_POT.framework */; };
		74FDD5825DFDDA8C82FEB8C3 /* Pods_POTTests.framework in Frameworks */ = {isa = PBXBuildFile; fileRef = 6BD51EC7F4EC0570B43200F2 /* Pods_POTTests.framework */; };
/* End PBXBuildFile section */

/* Begin PBXContainerItemProxy section */
		4396707920A5E340002BC11E /* PBXContainerItemProxy */ = {
			isa = PBXContainerItemProxy;
			containerPortal = 4396705C20A5E33F002BC11E /* Project object */;
			proxyType = 1;
			remoteGlobalIDString = 4396706320A5E33F002BC11E;
			remoteInfo = POT;
		};
		4396708420A5E340002BC11E /* PBXContainerItemProxy */ = {
			isa = PBXContainerItemProxy;
			containerPortal = 4396705C20A5E33F002BC11E /* Project object */;
			proxyType = 1;
			remoteGlobalIDString = 4396706320A5E33F002BC11E;
			remoteInfo = POT;
		};
/* End PBXContainerItemProxy section */

/* Begin PBXFileReference section */
		00243FEF92DDA063658F7C7C /* Pods-POT.debug.xcconfig */ = {isa = PBXFileReference; includeInIndex = 1; lastKnownFileType = text.xcconfig; name = "Pods-POT.debug.xcconfig"; path = "Pods/Target Support Files/Pods-POT/Pods-POT.debug.xcconfig"; sourceTree = "<group>"; };
		108BC64967492ACBDC8BD2EE /* Pods-POTUITests.debug.xcconfig */ = {isa = PBXFileReference; includeInIndex = 1; lastKnownFileType = text.xcconfig; name = "Pods-POTUITests.debug.xcconfig"; path = "Pods/Target Support Files/Pods-POTUITests/Pods-POTUITests.debug.xcconfig"; sourceTree = "<group>"; };
		4311677620AE1DE7000A150B /* techno_penguin.json */ = {isa = PBXFileReference; fileEncoding = 4; lastKnownFileType = text.json; path = techno_penguin.json; sourceTree = "<group>"; };
		4328572920AE094B00310970 /* ArtistTableViewCell.swift */ = {isa = PBXFileReference; lastKnownFileType = sourcecode.swift; path = ArtistTableViewCell.swift; sourceTree = "<group>"; };
		4328572B20AE0C3400310970 /* TopArtistsTests.swift */ = {isa = PBXFileReference; lastKnownFileType = sourcecode.swift; path = TopArtistsTests.swift; sourceTree = "<group>"; };
		4342673220ADE8B100414FE2 /* JSONParameterEncoder.swift */ = {isa = PBXFileReference; lastKnownFileType = sourcecode.swift; path = JSONParameterEncoder.swift; sourceTree = "<group>"; };
		4342673520ADF1CF00414FE2 /* Injector.swift */ = {isa = PBXFileReference; lastKnownFileType = sourcecode.swift; path = Injector.swift; sourceTree = "<group>"; };
		4342673720ADF79A00414FE2 /* Artist.swift */ = {isa = PBXFileReference; lastKnownFileType = sourcecode.swift; path = Artist.swift; sourceTree = "<group>"; };
		4342673920ADF87400414FE2 /* Decipher.swift */ = {isa = PBXFileReference; lastKnownFileType = sourcecode.swift; path = Decipher.swift; sourceTree = "<group>"; };
		4342673B20ADF8CF00414FE2 /* JSONDecipher.swift */ = {isa = PBXFileReference; lastKnownFileType = sourcecode.swift; path = JSONDecipher.swift; sourceTree = "<group>"; };
		43679AB720AD202700E79661 /* SpotifyAccess.swift */ = {isa = PBXFileReference; lastKnownFileType = sourcecode.swift; path = SpotifyAccess.swift; sourceTree = "<group>"; };
		43679AB920ADC9B000E79661 /* Authorization.swift */ = {isa = PBXFileReference; lastKnownFileType = sourcecode.swift; path = Authorization.swift; sourceTree = "<group>"; };
		43679ABC20ADD32700E79661 /* TopViewController.swift */ = {isa = PBXFileReference; lastKnownFileType = sourcecode.swift; path = TopViewController.swift; sourceTree = "<group>"; };
		43679ABE20ADD34000E79661 /* Top.storyboard */ = {isa = PBXFileReference; lastKnownFileType = file.storyboard; path = Top.storyboard; sourceTree = "<group>"; };
		43679AC020ADD34C00E79661 /* TopApi.swift */ = {isa = PBXFileReference; lastKnownFileType = sourcecode.swift; path = TopApi.swift; sourceTree = "<group>"; };
		43679AC220ADD35E00E79661 /* TopViewModel.swift */ = {isa = PBXFileReference; lastKnownFileType = sourcecode.swift; path = TopViewModel.swift; sourceTree = "<group>"; };
		437E5C0D20A60BBA00C909E2 /* Endpoint.swift */ = {isa = PBXFileReference; lastKnownFileType = sourcecode.swift; path = Endpoint.swift; sourceTree = "<group>"; };
		437E5C0F20A60C0A00C909E2 /* HTTPMethod.swift */ = {isa = PBXFileReference; lastKnownFileType = sourcecode.swift; path = HTTPMethod.swift; sourceTree = "<group>"; };
		437E5C1120A60C2900C909E2 /* HTTPTask.swift */ = {isa = PBXFileReference; lastKnownFileType = sourcecode.swift; path = HTTPTask.swift; sourceTree = "<group>"; };
		437E5C1320A60CDE00C909E2 /* ParamterEncoder.swift */ = {isa = PBXFileReference; lastKnownFileType = sourcecode.swift; path = ParamterEncoder.swift; sourceTree = "<group>"; };
		437E5C1520A60DA300C909E2 /* HTTPError.swift */ = {isa = PBXFileReference; lastKnownFileType = sourcecode.swift; path = HTTPError.swift; sourceTree = "<group>"; };
		437E5C1820A60E0A00C909E2 /* URLParameterEncoder.swift */ = {isa = PBXFileReference; lastKnownFileType = sourcecode.swift; path = URLParameterEncoder.swift; sourceTree = "<group>"; };
		437E5C1A20A60FDE00C909E2 /* NetworkService.swift */ = {isa = PBXFileReference; lastKnownFileType = sourcecode.swift; path = NetworkService.swift; sourceTree = "<group>"; };
		437E5C1C20A6103D00C909E2 /* Service.swift */ = {isa = PBXFileReference; lastKnownFileType = sourcecode.swift; path = Service.swift; sourceTree = "<group>"; };
		437E5C1E20A6109A00C909E2 /* Session.swift */ = {isa = PBXFileReference; lastKnownFileType = sourcecode.swift; path = Session.swift; sourceTree = "<group>"; };
		437E5C2220A61C8400C909E2 /* POT.entitlements */ = {isa = PBXFileReference; lastKnownFileType = text.plist.entitlements; path = POT.entitlements; sourceTree = "<group>"; };
		4396706420A5E33F002BC11E /* POT.app */ = {isa = PBXFileReference; explicitFileType = wrapper.application; includeInIndex = 0; path = POT.app; sourceTree = BUILT_PRODUCTS_DIR; };
		4396706720A5E33F002BC11E /* AppDelegate.swift */ = {isa = PBXFileReference; lastKnownFileType = sourcecode.swift; path = AppDelegate.swift; sourceTree = "<group>"; };
		4396706C20A5E33F002BC11E /* Base */ = {isa = PBXFileReference; lastKnownFileType = file.storyboard; name = Base; path = Base.lproj/Main.storyboard; sourceTree = "<group>"; };
		4396706E20A5E340002BC11E /* Assets.xcassets */ = {isa = PBXFileReference; lastKnownFileType = folder.assetcatalog; path = Assets.xcassets; sourceTree = "<group>"; };
		4396707120A5E340002BC11E /* Base */ = {isa = PBXFileReference; lastKnownFileType = file.storyboard; name = Base; path = Base.lproj/LaunchScreen.storyboard; sourceTree = "<group>"; };
		4396707320A5E340002BC11E /* Info.plist */ = {isa = PBXFileReference; lastKnownFileType = text.plist.xml; path = Info.plist; sourceTree = "<group>"; };
		4396707820A5E340002BC11E /* POTTests.xctest */ = {isa = PBXFileReference; explicitFileType = wrapper.cfbundle; includeInIndex = 0; path = POTTests.xctest; sourceTree = BUILT_PRODUCTS_DIR; };
		4396707E20A5E340002BC11E /* Info.plist */ = {isa = PBXFileReference; lastKnownFileType = text.plist.xml; path = Info.plist; sourceTree = "<group>"; };
		4396708320A5E340002BC11E /* POTUITests.xctest */ = {isa = PBXFileReference; explicitFileType = wrapper.cfbundle; includeInIndex = 0; path = POTUITests.xctest; sourceTree = BUILT_PRODUCTS_DIR; };
		4396708720A5E340002BC11E /* POTUITests.swift */ = {isa = PBXFileReference; lastKnownFileType = sourcecode.swift; path = POTUITests.swift; sourceTree = "<group>"; };
		4396708920A5E340002BC11E /* Info.plist */ = {isa = PBXFileReference; lastKnownFileType = text.plist.xml; path = Info.plist; sourceTree = "<group>"; };
		4396709720A5E9D1002BC11E /* Login.storyboard */ = {isa = PBXFileReference; lastKnownFileType = file.storyboard; path = Login.storyboard; sourceTree = "<group>"; };
		4396709920A5E9EA002BC11E /* LoginViewController.swift */ = {isa = PBXFileReference; lastKnownFileType = sourcecode.swift; path = LoginViewController.swift; sourceTree = "<group>"; };
		43EB8B7120AA3C5E00214856 /* LoginApi.swift */ = {isa = PBXFileReference; lastKnownFileType = sourcecode.swift; path = LoginApi.swift; sourceTree = "<group>"; };
		43EB8B7320AD1AD700214856 /* LoginViewModel.swift */ = {isa = PBXFileReference; lastKnownFileType = sourcecode.swift; path = LoginViewModel.swift; sourceTree = "<group>"; };
		43EB8B7520AD1C5C00214856 /* SpotifyAccess.plist */ = {isa = PBXFileReference; lastKnownFileType = text.plist.xml; path = SpotifyAccess.plist; sourceTree = "<group>"; };
		6BD51EC7F4EC0570B43200F2 /* Pods_POTTests.framework */ = {isa = PBXFileReference; explicitFileType = wrapper.framework; includeInIndex = 0; path = Pods_POTTests.framework; sourceTree = BUILT_PRODUCTS_DIR; };
		86B00B8D1AB7FD24B1C678F9 /* Pods-POTTests.release.xcconfig */ = {isa = PBXFileReference; includeInIndex = 1; lastKnownFileType = text.xcconfig; name = "Pods-POTTests.release.xcconfig"; path = "Pods/Target Support Files/Pods-POTTests/Pods-POTTests.release.xcconfig"; sourceTree = "<group>"; };
		A5499D9CEDE1549D7A7A74E2 /* Pods-POTTests.debug.xcconfig */ = {isa = PBXFileReference; includeInIndex = 1; lastKnownFileType = text.xcconfig; name = "Pods-POTTests.debug.xcconfig"; path = "Pods/Target Support Files/Pods-POTTests/Pods-POTTests.debug.xcconfig"; sourceTree = "<group>"; };
		B325CB78D95DE11F1306A469 /* Pods-POTUITests.release.xcconfig */ = {isa = PBXFileReference; includeInIndex = 1; lastKnownFileType = text.xcconfig; name = "Pods-POTUITests.release.xcconfig"; path = "Pods/Target Support Files/Pods-POTUITests/Pods-POTUITests.release.xcconfig"; sourceTree = "<group>"; };
		DD9108B68517BC7928E61937 /* Pods-POT.release.xcconfig */ = {isa = PBXFileReference; includeInIndex = 1; lastKnownFileType = text.xcconfig; name = "Pods-POT.release.xcconfig"; path = "Pods/Target Support Files/Pods-POT/Pods-POT.release.xcconfig"; sourceTree = "<group>"; };
		FD771384FD5F07C6EFEF64E1 /* Pods_POT.framework */ = {isa = PBXFileReference; explicitFileType = wrapper.framework; includeInIndex = 0; path = Pods_POT.framework; sourceTree = BUILT_PRODUCTS_DIR; };
		FE2D3EDC2D4087BD3BCA835C /* Pods_POTUITests.framework */ = {isa = PBXFileReference; explicitFileType = wrapper.framework; includeInIndex = 0; path = Pods_POTUITests.framework; sourceTree = BUILT_PRODUCTS_DIR; };
/* End PBXFileReference section */

/* Begin PBXFrameworksBuildPhase section */
		4396706120A5E33F002BC11E /* Frameworks */ = {
			isa = PBXFrameworksBuildPhase;
			buildActionMask = 2147483647;
			files = (
				56A5315D21BE4509D7FDFCB2 /* Pods_POT.framework in Frameworks */,
			);
			runOnlyForDeploymentPostprocessing = 0;
		};
		4396707520A5E340002BC11E /* Frameworks */ = {
			isa = PBXFrameworksBuildPhase;
			buildActionMask = 2147483647;
			files = (
				74FDD5825DFDDA8C82FEB8C3 /* Pods_POTTests.framework in Frameworks */,
			);
			runOnlyForDeploymentPostprocessing = 0;
		};
		4396708020A5E340002BC11E /* Frameworks */ = {
			isa = PBXFrameworksBuildPhase;
			buildActionMask = 2147483647;
			files = (
				0E37970D2040D23DF0CD17B7 /* Pods_POTUITests.framework in Frameworks */,
			);
			runOnlyForDeploymentPostprocessing = 0;
		};
/* End PBXFrameworksBuildPhase section */

/* Begin PBXGroup section */
		0F051951FEB09EC78CFF8EF9 /* Pods */ = {
			isa = PBXGroup;
			children = (
				00243FEF92DDA063658F7C7C /* Pods-POT.debug.xcconfig */,
				DD9108B68517BC7928E61937 /* Pods-POT.release.xcconfig */,
				A5499D9CEDE1549D7A7A74E2 /* Pods-POTTests.debug.xcconfig */,
				86B00B8D1AB7FD24B1C678F9 /* Pods-POTTests.release.xcconfig */,
				108BC64967492ACBDC8BD2EE /* Pods-POTUITests.debug.xcconfig */,
				B325CB78D95DE11F1306A469 /* Pods-POTUITests.release.xcconfig */,
			);
			name = Pods;
			sourceTree = "<group>";
		};
		4311677820AE21BC000A150B /* Tracks */ = {
			isa = PBXGroup;
			children = (
			);
			path = Tracks;
			sourceTree = "<group>";
		};
		4328572820AE093600310970 /* Views */ = {
			isa = PBXGroup;
			children = (
				4328572920AE094B00310970 /* ArtistTableViewCell.swift */,
			);
			path = Views;
			sourceTree = "<group>";
		};
		4342673420ADF1C100414FE2 /* Injector */ = {
			isa = PBXGroup;
			children = (
				4342673520ADF1CF00414FE2 /* Injector.swift */,
			);
			path = Injector;
			sourceTree = "<group>";
		};
		43679AB620AD200600E79661 /* Models */ = {
			isa = PBXGroup;
			children = (
				43679AB720AD202700E79661 /* SpotifyAccess.swift */,
				43679AB920ADC9B000E79661 /* Authorization.swift */,
				4342673720ADF79A00414FE2 /* Artist.swift */,
			);
			path = Models;
			sourceTree = "<group>";
		};
		43679ABB20ADD2FE00E79661 /* Top */ = {
			isa = PBXGroup;
			children = (
				43679ABE20ADD34000E79661 /* Top.storyboard */,
				43679ABC20ADD32700E79661 /* TopViewController.swift */,
				43679AC020ADD34C00E79661 /* TopApi.swift */,
				43679AC220ADD35E00E79661 /* TopViewModel.swift */,
			);
			path = Top;
			sourceTree = "<group>";
		};
		437E5C0B20A60B6C00C909E2 /* Networking */ = {
			isa = PBXGroup;
			children = (
				437E5C1720A60DEB00C909E2 /* Implementations */,
				437E5C0C20A60B7800C909E2 /* Protocols */,
				437E5C0F20A60C0A00C909E2 /* HTTPMethod.swift */,
				437E5C1120A60C2900C909E2 /* HTTPTask.swift */,
				437E5C1520A60DA300C909E2 /* HTTPError.swift */,
			);
			path = Networking;
			sourceTree = "<group>";
		};
		437E5C0C20A60B7800C909E2 /* Protocols */ = {
			isa = PBXGroup;
			children = (
				437E5C0D20A60BBA00C909E2 /* Endpoint.swift */,
				437E5C1320A60CDE00C909E2 /* ParamterEncoder.swift */,
				437E5C1A20A60FDE00C909E2 /* NetworkService.swift */,
				437E5C1E20A6109A00C909E2 /* Session.swift */,
				4342673920ADF87400414FE2 /* Decipher.swift */,
			);
			path = Protocols;
			sourceTree = "<group>";
		};
		437E5C1720A60DEB00C909E2 /* Implementations */ = {
			isa = PBXGroup;
			children = (
				437E5C1820A60E0A00C909E2 /* URLParameterEncoder.swift */,
				437E5C1C20A6103D00C909E2 /* Service.swift */,
				4342673220ADE8B100414FE2 /* JSONParameterEncoder.swift */,
				4342673B20ADF8CF00414FE2 /* JSONDecipher.swift */,
			);
			path = Implementations;
			sourceTree = "<group>";
		};
		4396705B20A5E33F002BC11E = {
			isa = PBXGroup;
			children = (
				4396706620A5E33F002BC11E /* POT */,
				437E5C2220A61C8400C909E2 /* POT.entitlements */,
				4396707320A5E340002BC11E /* Info.plist */,
				4396707B20A5E340002BC11E /* POTTests */,
				4396708620A5E340002BC11E /* POTUITests */,
				4396706520A5E33F002BC11E /* Products */,
				0F051951FEB09EC78CFF8EF9 /* Pods */,
				B6CD0B558F75C866ED73CEBB /* Frameworks */,
			);
			sourceTree = "<group>";
		};
		4396706520A5E33F002BC11E /* Products */ = {
			isa = PBXGroup;
			children = (
				4396706420A5E33F002BC11E /* POT.app */,
				4396707820A5E340002BC11E /* POTTests.xctest */,
				4396708320A5E340002BC11E /* POTUITests.xctest */,
			);
			name = Products;
			sourceTree = "<group>";
		};
		4396706620A5E33F002BC11E /* POT */ = {
			isa = PBXGroup;
			children = (
				4328572820AE093600310970 /* Views */,
				4342673420ADF1C100414FE2 /* Injector */,
				43679AB620AD200600E79661 /* Models */,
				437E5C0B20A60B6C00C909E2 /* Networking */,
				4311677820AE21BC000A150B /* Tracks */,
				43679ABB20ADD2FE00E79661 /* Top */,
				4396709620A5E9A6002BC11E /* Login */,
				4396709520A5E444002BC11E /* Boring */,
			);
			path = POT;
			sourceTree = "<group>";
		};
		4396707B20A5E340002BC11E /* POTTests */ = {
			isa = PBXGroup;
			children = (
				4396707E20A5E340002BC11E /* Info.plist */,
				4328572B20AE0C3400310970 /* TopArtistsTests.swift */,
			);
			path = POTTests;
			sourceTree = "<group>";
		};
		4396708620A5E340002BC11E /* POTUITests */ = {
			isa = PBXGroup;
			children = (
				4396708720A5E340002BC11E /* POTUITests.swift */,
				4396708920A5E340002BC11E /* Info.plist */,
			);
			path = POTUITests;
			sourceTree = "<group>";
		};
		4396709520A5E444002BC11E /* Boring */ = {
			isa = PBXGroup;
			children = (
				4311677620AE1DE7000A150B /* techno_penguin.json */,
				4396706720A5E33F002BC11E /* AppDelegate.swift */,
				4396706B20A5E33F002BC11E /* Main.storyboard */,
				4396706E20A5E340002BC11E /* Assets.xcassets */,
				4396707020A5E340002BC11E /* LaunchScreen.storyboard */,
				43EB8B7520AD1C5C00214856 /* SpotifyAccess.plist */,
			);
			path = Boring;
			sourceTree = "<group>";
		};
		4396709620A5E9A6002BC11E /* Login */ = {
			isa = PBXGroup;
			children = (
				4396709720A5E9D1002BC11E /* Login.storyboard */,
				4396709920A5E9EA002BC11E /* LoginViewController.swift */,
				43EB8B7120AA3C5E00214856 /* LoginApi.swift */,
				43EB8B7320AD1AD700214856 /* LoginViewModel.swift */,
			);
			path = Login;
			sourceTree = "<group>";
		};
		B6CD0B558F75C866ED73CEBB /* Frameworks */ = {
			isa = PBXGroup;
			children = (
				FD771384FD5F07C6EFEF64E1 /* Pods_POT.framework */,
				6BD51EC7F4EC0570B43200F2 /* Pods_POTTests.framework */,
				FE2D3EDC2D4087BD3BCA835C /* Pods_POTUITests.framework */,
			);
			name = Frameworks;
			sourceTree = "<group>";
		};
/* End PBXGroup section */

/* Begin PBXNativeTarget section */
		4396706320A5E33F002BC11E /* POT */ = {
			isa = PBXNativeTarget;
			buildConfigurationList = 4396708C20A5E340002BC11E /* Build configuration list for PBXNativeTarget "POT" */;
			buildPhases = (
				B665017EEC2E6EAFFC28017E /* [CP] Check Pods Manifest.lock */,
				4396706020A5E33F002BC11E /* Sources */,
				4396706120A5E33F002BC11E /* Frameworks */,
				4396706220A5E33F002BC11E /* Resources */,
				CC020DB13BCA9E51DBD9D509 /* [CP] Embed Pods Frameworks */,
				C0E1727EA0F8200ACA5FB57A /* [CP] Copy Pods Resources */,
			);
			buildRules = (
			);
			dependencies = (
			);
			name = POT;
			productName = POT;
			productReference = 4396706420A5E33F002BC11E /* POT.app */;
			productType = "com.apple.product-type.application";
		};
		4396707720A5E340002BC11E /* POTTests */ = {
			isa = PBXNativeTarget;
			buildConfigurationList = 4396708F20A5E340002BC11E /* Build configuration list for PBXNativeTarget "POTTests" */;
			buildPhases = (
				99FBB5B5C12362EA111336BC /* [CP] Check Pods Manifest.lock */,
				4396707420A5E340002BC11E /* Sources */,
				4396707520A5E340002BC11E /* Frameworks */,
				4396707620A5E340002BC11E /* Resources */,
				300AF7E4E3780B7DB22C6759 /* [CP] Embed Pods Frameworks */,
				DBB0B1B611A2579B8D7C8177 /* [CP] Copy Pods Resources */,
			);
			buildRules = (
			);
			dependencies = (
				4396707A20A5E340002BC11E /* PBXTargetDependency */,
			);
			name = POTTests;
			productName = POTTests;
			productReference = 4396707820A5E340002BC11E /* POTTests.xctest */;
			productType = "com.apple.product-type.bundle.unit-test";
		};
		4396708220A5E340002BC11E /* POTUITests */ = {
			isa = PBXNativeTarget;
			buildConfigurationList = 4396709220A5E340002BC11E /* Build configuration list for PBXNativeTarget "POTUITests" */;
			buildPhases = (
				F9F08928B320604D533CF70C /* [CP] Check Pods Manifest.lock */,
				4396707F20A5E340002BC11E /* Sources */,
				4396708020A5E340002BC11E /* Frameworks */,
				4396708120A5E340002BC11E /* Resources */,
				80049613D69D7208B574518C /* [CP] Embed Pods Frameworks */,
				73EF95738092CFEDE5DB29D8 /* [CP] Copy Pods Resources */,
			);
			buildRules = (
			);
			dependencies = (
				4396708520A5E340002BC11E /* PBXTargetDependency */,
			);
			name = POTUITests;
			productName = POTUITests;
			productReference = 4396708320A5E340002BC11E /* POTUITests.xctest */;
			productType = "com.apple.product-type.bundle.ui-testing";
		};
/* End PBXNativeTarget section */

/* Begin PBXProject section */
		4396705C20A5E33F002BC11E /* Project object */ = {
			isa = PBXProject;
			attributes = {
				LastSwiftUpdateCheck = 0930;
				LastUpgradeCheck = 0930;
				ORGANIZATIONNAME = SwiftMN;
				TargetAttributes = {
					4396706320A5E33F002BC11E = {
						CreatedOnToolsVersion = 9.3;
						SystemCapabilities = {
							com.apple.SafariKeychain = {
								enabled = 0;
							};
						};
					};
					4396707720A5E340002BC11E = {
						CreatedOnToolsVersion = 9.3;
						TestTargetID = 4396706320A5E33F002BC11E;
					};
					4396708220A5E340002BC11E = {
						CreatedOnToolsVersion = 9.3;
						TestTargetID = 4396706320A5E33F002BC11E;
					};
				};
			};
			buildConfigurationList = 4396705F20A5E33F002BC11E /* Build configuration list for PBXProject "POT" */;
			compatibilityVersion = "Xcode 9.3";
			developmentRegion = en;
			hasScannedForEncodings = 0;
			knownRegions = (
				en,
				Base,
			);
			mainGroup = 4396705B20A5E33F002BC11E;
			productRefGroup = 4396706520A5E33F002BC11E /* Products */;
			projectDirPath = "";
			projectRoot = "";
			targets = (
				4396706320A5E33F002BC11E /* POT */,
				4396707720A5E340002BC11E /* POTTests */,
				4396708220A5E340002BC11E /* POTUITests */,
			);
		};
/* End PBXProject section */

/* Begin PBXResourcesBuildPhase section */
		4396706220A5E33F002BC11E /* Resources */ = {
			isa = PBXResourcesBuildPhase;
			buildActionMask = 2147483647;
			files = (
				43EB8B7620AD1C5C00214856 /* SpotifyAccess.plist in Resources */,
				4396709820A5E9D1002BC11E /* Login.storyboard in Resources */,
				43679ABF20ADD34000E79661 /* Top.storyboard in Resources */,
				4396707220A5E340002BC11E /* LaunchScreen.storyboard in Resources */,
				4311677720AE1DE7000A150B /* techno_penguin.json in Resources */,
				4396706F20A5E340002BC11E /* Assets.xcassets in Resources */,
				4396706D20A5E33F002BC11E /* Main.storyboard in Resources */,
			);
			runOnlyForDeploymentPostprocessing = 0;
		};
		4396707620A5E340002BC11E /* Resources */ = {
			isa = PBXResourcesBuildPhase;
			buildActionMask = 2147483647;
			files = (
			);
			runOnlyForDeploymentPostprocessing = 0;
		};
		4396708120A5E340002BC11E /* Resources */ = {
			isa = PBXResourcesBuildPhase;
			buildActionMask = 2147483647;
			files = (
			);
			runOnlyForDeploymentPostprocessing = 0;
		};
/* End PBXResourcesBuildPhase section */

/* Begin PBXShellScriptBuildPhase section */
		300AF7E4E3780B7DB22C6759 /* [CP] Embed Pods Frameworks */ = {
			isa = PBXShellScriptBuildPhase;
			buildActionMask = 2147483647;
			files = (
			);
			inputPaths = (
			);
			name = "[CP] Embed Pods Frameworks";
			outputPaths = (
			);
			runOnlyForDeploymentPostprocessing = 0;
			shellPath = /bin/sh;
			shellScript = "\"${SRCROOT}/Pods/Target Support Files/Pods-POTTests/Pods-POTTests-frameworks.sh\"\n";
			showEnvVarsInLog = 0;
		};
		73EF95738092CFEDE5DB29D8 /* [CP] Copy Pods Resources */ = {
			isa = PBXShellScriptBuildPhase;
			buildActionMask = 2147483647;
			files = (
			);
			inputPaths = (
			);
			name = "[CP] Copy Pods Resources";
			outputPaths = (
			);
			runOnlyForDeploymentPostprocessing = 0;
			shellPath = /bin/sh;
			shellScript = "\"${SRCROOT}/Pods/Target Support Files/Pods-POTUITests/Pods-POTUITests-resources.sh\"\n";
			showEnvVarsInLog = 0;
		};
		80049613D69D7208B574518C /* [CP] Embed Pods Frameworks */ = {
			isa = PBXShellScriptBuildPhase;
			buildActionMask = 2147483647;
			files = (
			);
			inputPaths = (
			);
			name = "[CP] Embed Pods Frameworks";
			outputPaths = (
			);
			runOnlyForDeploymentPostprocessing = 0;
			shellPath = /bin/sh;
			shellScript = "\"${SRCROOT}/Pods/Target Support Files/Pods-POTUITests/Pods-POTUITests-frameworks.sh\"\n";
			showEnvVarsInLog = 0;
		};
		99FBB5B5C12362EA111336BC /* [CP] Check Pods Manifest.lock */ = {
			isa = PBXShellScriptBuildPhase;
			buildActionMask = 2147483647;
			files = (
			);
			inputPaths = (
				"${PODS_PODFILE_DIR_PATH}/Podfile.lock",
				"${PODS_ROOT}/Manifest.lock",
			);
			name = "[CP] Check Pods Manifest.lock";
			outputPaths = (
				"$(DERIVED_FILE_DIR)/Pods-POTTests-checkManifestLockResult.txt",
			);
			runOnlyForDeploymentPostprocessing = 0;
			shellPath = /bin/sh;
			shellScript = "diff \"${PODS_PODFILE_DIR_PATH}/Podfile.lock\" \"${PODS_ROOT}/Manifest.lock\" > /dev/null\nif [ $? != 0 ] ; then\n    # print error to STDERR\n    echo \"error: The sandbox is not in sync with the Podfile.lock. Run 'pod install' or update your CocoaPods installation.\" >&2\n    exit 1\nfi\n# This output is used by Xcode 'outputs' to avoid re-running this script phase.\necho \"SUCCESS\" > \"${SCRIPT_OUTPUT_FILE_0}\"\n";
			showEnvVarsInLog = 0;
		};
		B665017EEC2E6EAFFC28017E /* [CP] Check Pods Manifest.lock */ = {
			isa = PBXShellScriptBuildPhase;
			buildActionMask = 2147483647;
			files = (
			);
			inputPaths = (
				"${PODS_PODFILE_DIR_PATH}/Podfile.lock",
				"${PODS_ROOT}/Manifest.lock",
			);
			name = "[CP] Check Pods Manifest.lock";
			outputPaths = (
				"$(DERIVED_FILE_DIR)/Pods-POT-checkManifestLockResult.txt",
			);
			runOnlyForDeploymentPostprocessing = 0;
			shellPath = /bin/sh;
			shellScript = "diff \"${PODS_PODFILE_DIR_PATH}/Podfile.lock\" \"${PODS_ROOT}/Manifest.lock\" > /dev/null\nif [ $? != 0 ] ; then\n    # print error to STDERR\n    echo \"error: The sandbox is not in sync with the Podfile.lock. Run 'pod install' or update your CocoaPods installation.\" >&2\n    exit 1\nfi\n# This output is used by Xcode 'outputs' to avoid re-running this script phase.\necho \"SUCCESS\" > \"${SCRIPT_OUTPUT_FILE_0}\"\n";
			showEnvVarsInLog = 0;
		};
		C0E1727EA0F8200ACA5FB57A /* [CP] Copy Pods Resources */ = {
			isa = PBXShellScriptBuildPhase;
			buildActionMask = 2147483647;
			files = (
			);
			inputPaths = (
			);
			name = "[CP] Copy Pods Resources";
			outputPaths = (
			);
			runOnlyForDeploymentPostprocessing = 0;
			shellPath = /bin/sh;
			shellScript = "\"${SRCROOT}/Pods/Target Support Files/Pods-POT/Pods-POT-resources.sh\"\n";
			showEnvVarsInLog = 0;
		};
		CC020DB13BCA9E51DBD9D509 /* [CP] Embed Pods Frameworks */ = {
			isa = PBXShellScriptBuildPhase;
			buildActionMask = 2147483647;
			files = (
			);
			inputPaths = (
				"${SRCROOT}/Pods/Target Support Files/Pods-POT/Pods-POT-frameworks.sh",
				"${BUILT_PRODUCTS_DIR}/OAuthSwift/OAuthSwift.framework",
				"${BUILT_PRODUCTS_DIR}/Swinject/Swinject.framework",
				"${BUILT_PRODUCTS_DIR}/SwinjectPropertyLoader/SwinjectPropertyLoader.framework",
				"${BUILT_PRODUCTS_DIR}/lottie-ios/Lottie.framework",
			);
			name = "[CP] Embed Pods Frameworks";
			outputPaths = (
				"${TARGET_BUILD_DIR}/${FRAMEWORKS_FOLDER_PATH}/OAuthSwift.framework",
				"${TARGET_BUILD_DIR}/${FRAMEWORKS_FOLDER_PATH}/Swinject.framework",
				"${TARGET_BUILD_DIR}/${FRAMEWORKS_FOLDER_PATH}/SwinjectPropertyLoader.framework",
				"${TARGET_BUILD_DIR}/${FRAMEWORKS_FOLDER_PATH}/Lottie.framework",
			);
			runOnlyForDeploymentPostprocessing = 0;
			shellPath = /bin/sh;
			shellScript = "\"${SRCROOT}/Pods/Target Support Files/Pods-POT/Pods-POT-frameworks.sh\"\n";
			showEnvVarsInLog = 0;
		};
		DBB0B1B611A2579B8D7C8177 /* [CP] Copy Pods Resources */ = {
			isa = PBXShellScriptBuildPhase;
			buildActionMask = 2147483647;
			files = (
			);
			inputPaths = (
			);
			name = "[CP] Copy Pods Resources";
			outputPaths = (
			);
			runOnlyForDeploymentPostprocessing = 0;
			shellPath = /bin/sh;
			shellScript = "\"${SRCROOT}/Pods/Target Support Files/Pods-POTTests/Pods-POTTests-resources.sh\"\n";
			showEnvVarsInLog = 0;
		};
		F9F08928B320604D533CF70C /* [CP] Check Pods Manifest.lock */ = {
			isa = PBXShellScriptBuildPhase;
			buildActionMask = 2147483647;
			files = (
			);
			inputPaths = (
				"${PODS_PODFILE_DIR_PATH}/Podfile.lock",
				"${PODS_ROOT}/Manifest.lock",
			);
			name = "[CP] Check Pods Manifest.lock";
			outputPaths = (
				"$(DERIVED_FILE_DIR)/Pods-POTUITests-checkManifestLockResult.txt",
			);
			runOnlyForDeploymentPostprocessing = 0;
			shellPath = /bin/sh;
			shellScript = "diff \"${PODS_PODFILE_DIR_PATH}/Podfile.lock\" \"${PODS_ROOT}/Manifest.lock\" > /dev/null\nif [ $? != 0 ] ; then\n    # print error to STDERR\n    echo \"error: The sandbox is not in sync with the Podfile.lock. Run 'pod install' or update your CocoaPods installation.\" >&2\n    exit 1\nfi\n# This output is used by Xcode 'outputs' to avoid re-running this script phase.\necho \"SUCCESS\" > \"${SCRIPT_OUTPUT_FILE_0}\"\n";
			showEnvVarsInLog = 0;
		};
/* End PBXShellScriptBuildPhase section */

/* Begin PBXSourcesBuildPhase section */
		4396706020A5E33F002BC11E /* Sources */ = {
			isa = PBXSourcesBuildPhase;
			buildActionMask = 2147483647;
			files = (
				43EB8B7220AA3C5E00214856 /* LoginApi.swift in Sources */,
				437E5C1920A60E0A00C909E2 /* URLParameterEncoder.swift in Sources */,
				437E5C1020A60C0A00C909E2 /* HTTPMethod.swift in Sources */,
				437E5C1620A60DA300C909E2 /* HTTPError.swift in Sources */,
				43679AC320ADD35E00E79661 /* TopViewModel.swift in Sources */,
				43679ABD20ADD32700E79661 /* TopViewController.swift in Sources */,
				4342673820ADF79A00414FE2 /* Artist.swift in Sources */,
				437E5C1220A60C2900C909E2 /* HTTPTask.swift in Sources */,
				43679AC120ADD34C00E79661 /* TopApi.swift in Sources */,
				437E5C1B20A60FDE00C909E2 /* NetworkService.swift in Sources */,
				43679AB820AD202700E79661 /* SpotifyAccess.swift in Sources */,
				437E5C1420A60CDE00C909E2 /* ParamterEncoder.swift in Sources */,
				4396709A20A5E9EA002BC11E /* LoginViewController.swift in Sources */,
				43679ABA20ADC9B000E79661 /* Authorization.swift in Sources */,
				43EB8B7420AD1AD700214856 /* LoginViewModel.swift in Sources */,
				437E5C1F20A6109A00C909E2 /* Session.swift in Sources */,
				4342673620ADF1CF00414FE2 /* Injector.swift in Sources */,
				437E5C1D20A6103D00C909E2 /* Service.swift in Sources */,
				4342673A20ADF87400414FE2 /* Decipher.swift in Sources */,
				4342673C20ADF8CF00414FE2 /* JSONDecipher.swift in Sources */,
				437E5C0E20A60BBA00C909E2 /* Endpoint.swift in Sources */,
				4396706820A5E33F002BC11E /* AppDelegate.swift in Sources */,
				4328572A20AE094B00310970 /* ArtistTableViewCell.swift in Sources */,
				4342673320ADE8B100414FE2 /* JSONParameterEncoder.swift in Sources */,
			);
			runOnlyForDeploymentPostprocessing = 0;
		};
		4396707420A5E340002BC11E /* Sources */ = {
			isa = PBXSourcesBuildPhase;
			buildActionMask = 2147483647;
			files = (
				4328573820AE0F5400310970 /* NetworkService.swift in Sources */,
				4328573420AE0F3000310970 /* Endpoint.swift in Sources */,
				4328573320AE0F0E00310970 /* Artist.swift in Sources */,
				4328572F20AE0E8B00310970 /* TopViewModel.swift in Sources */,
				4328573620AE0F3D00310970 /* HTTPTask.swift in Sources */,
				4328573020AE0F0100310970 /* TopApi.swift in Sources */,
				4328573520AE0F3700310970 /* HTTPMethod.swift in Sources */,
				4328573120AE0F0800310970 /* SpotifyAccess.swift in Sources */,
				4328573D20AE0F8600310970 /* URLParameterEncoder.swift in Sources */,
				4328573F20AE107E00310970 /* Decipher.swift in Sources */,
				4328573920AE0F6900310970 /* Session.swift in Sources */,
				4328573C20AE0F8200310970 /* JSONDecipher.swift in Sources */,
				4328573720AE0F4F00310970 /* Service.swift in Sources */,
				4328573A20AE0F7600310970 /* ParamterEncoder.swift in Sources */,
				4328572C20AE0C3400310970 /* TopArtistsTests.swift in Sources */,
				4328573B20AE0F8000310970 /* JSONParameterEncoder.swift in Sources */,
				4328573220AE0F0B00310970 /* Authorization.swift in Sources */,
				4328573E20AE0F9300310970 /* HTTPError.swift in Sources */,
			);
			runOnlyForDeploymentPostprocessing = 0;
		};
		4396707F20A5E340002BC11E /* Sources */ = {
			isa = PBXSourcesBuildPhase;
			buildActionMask = 2147483647;
			files = (
				4396708820A5E340002BC11E /* POTUITests.swift in Sources */,
			);
			runOnlyForDeploymentPostprocessing = 0;
		};
/* End PBXSourcesBuildPhase section */

/* Begin PBXTargetDependency section */
		4396707A20A5E340002BC11E /* PBXTargetDependency */ = {
			isa = PBXTargetDependency;
			target = 4396706320A5E33F002BC11E /* POT */;
			targetProxy = 4396707920A5E340002BC11E /* PBXContainerItemProxy */;
		};
		4396708520A5E340002BC11E /* PBXTargetDependency */ = {
			isa = PBXTargetDependency;
			target = 4396706320A5E33F002BC11E /* POT */;
			targetProxy = 4396708420A5E340002BC11E /* PBXContainerItemProxy */;
		};
/* End PBXTargetDependency section */

/* Begin PBXVariantGroup section */
		4396706B20A5E33F002BC11E /* Main.storyboard */ = {
			isa = PBXVariantGroup;
			children = (
				4396706C20A5E33F002BC11E /* Base */,
			);
			name = Main.storyboard;
			sourceTree = "<group>";
		};
		4396707020A5E340002BC11E /* LaunchScreen.storyboard */ = {
			isa = PBXVariantGroup;
			children = (
				4396707120A5E340002BC11E /* Base */,
			);
			name = LaunchScreen.storyboard;
			sourceTree = "<group>";
		};
/* End PBXVariantGroup section */

/* Begin XCBuildConfiguration section */
		4396708A20A5E340002BC11E /* Debug */ = {
			isa = XCBuildConfiguration;
			buildSettings = {
				ALWAYS_SEARCH_USER_PATHS = NO;
				CLANG_ANALYZER_NONNULL = YES;
				CLANG_ANALYZER_NUMBER_OBJECT_CONVERSION = YES_AGGRESSIVE;
				CLANG_CXX_LANGUAGE_STANDARD = "gnu++14";
				CLANG_CXX_LIBRARY = "libc++";
				CLANG_ENABLE_MODULES = YES;
				CLANG_ENABLE_OBJC_ARC = YES;
				CLANG_ENABLE_OBJC_WEAK = YES;
				CLANG_WARN_BLOCK_CAPTURE_AUTORELEASING = YES;
				CLANG_WARN_BOOL_CONVERSION = YES;
				CLANG_WARN_COMMA = YES;
				CLANG_WARN_CONSTANT_CONVERSION = YES;
				CLANG_WARN_DEPRECATED_OBJC_IMPLEMENTATIONS = YES;
				CLANG_WARN_DIRECT_OBJC_ISA_USAGE = YES_ERROR;
				CLANG_WARN_DOCUMENTATION_COMMENTS = YES;
				CLANG_WARN_EMPTY_BODY = YES;
				CLANG_WARN_ENUM_CONVERSION = YES;
				CLANG_WARN_INFINITE_RECURSION = YES;
				CLANG_WARN_INT_CONVERSION = YES;
				CLANG_WARN_NON_LITERAL_NULL_CONVERSION = YES;
				CLANG_WARN_OBJC_IMPLICIT_RETAIN_SELF = YES;
				CLANG_WARN_OBJC_LITERAL_CONVERSION = YES;
				CLANG_WARN_OBJC_ROOT_CLASS = YES_ERROR;
				CLANG_WARN_RANGE_LOOP_ANALYSIS = YES;
				CLANG_WARN_STRICT_PROTOTYPES = YES;
				CLANG_WARN_SUSPICIOUS_MOVE = YES;
				CLANG_WARN_UNGUARDED_AVAILABILITY = YES_AGGRESSIVE;
				CLANG_WARN_UNREACHABLE_CODE = YES;
				CLANG_WARN__DUPLICATE_METHOD_MATCH = YES;
				CODE_SIGN_IDENTITY = "iPhone Developer";
				COPY_PHASE_STRIP = NO;
				DEBUG_INFORMATION_FORMAT = dwarf;
				ENABLE_STRICT_OBJC_MSGSEND = YES;
				ENABLE_TESTABILITY = YES;
				GCC_C_LANGUAGE_STANDARD = gnu11;
				GCC_DYNAMIC_NO_PIC = NO;
				GCC_NO_COMMON_BLOCKS = YES;
				GCC_OPTIMIZATION_LEVEL = 0;
				GCC_PREPROCESSOR_DEFINITIONS = (
					"DEBUG=1",
					"$(inherited)",
				);
				GCC_WARN_64_TO_32_BIT_CONVERSION = YES;
				GCC_WARN_ABOUT_RETURN_TYPE = YES_ERROR;
				GCC_WARN_UNDECLARED_SELECTOR = YES;
				GCC_WARN_UNINITIALIZED_AUTOS = YES_AGGRESSIVE;
				GCC_WARN_UNUSED_FUNCTION = YES;
				GCC_WARN_UNUSED_VARIABLE = YES;
				IPHONEOS_DEPLOYMENT_TARGET = 11.3;
				MTL_ENABLE_DEBUG_INFO = YES;
				ONLY_ACTIVE_ARCH = YES;
				SDKROOT = iphoneos;
				SWIFT_ACTIVE_COMPILATION_CONDITIONS = DEBUG;
				SWIFT_OPTIMIZATION_LEVEL = "-Onone";
			};
			name = Debug;
		};
		4396708B20A5E340002BC11E /* Release */ = {
			isa = XCBuildConfiguration;
			buildSettings = {
				ALWAYS_SEARCH_USER_PATHS = NO;
				CLANG_ANALYZER_NONNULL = YES;
				CLANG_ANALYZER_NUMBER_OBJECT_CONVERSION = YES_AGGRESSIVE;
				CLANG_CXX_LANGUAGE_STANDARD = "gnu++14";
				CLANG_CXX_LIBRARY = "libc++";
				CLANG_ENABLE_MODULES = YES;
				CLANG_ENABLE_OBJC_ARC = YES;
				CLANG_ENABLE_OBJC_WEAK = YES;
				CLANG_WARN_BLOCK_CAPTURE_AUTORELEASING = YES;
				CLANG_WARN_BOOL_CONVERSION = YES;
				CLANG_WARN_COMMA = YES;
				CLANG_WARN_CONSTANT_CONVERSION = YES;
				CLANG_WARN_DEPRECATED_OBJC_IMPLEMENTATIONS = YES;
				CLANG_WARN_DIRECT_OBJC_ISA_USAGE = YES_ERROR;
				CLANG_WARN_DOCUMENTATION_COMMENTS = YES;
				CLANG_WARN_EMPTY_BODY = YES;
				CLANG_WARN_ENUM_CONVERSION = YES;
				CLANG_WARN_INFINITE_RECURSION = YES;
				CLANG_WARN_INT_CONVERSION = YES;
				CLANG_WARN_NON_LITERAL_NULL_CONVERSION = YES;
				CLANG_WARN_OBJC_IMPLICIT_RETAIN_SELF = YES;
				CLANG_WARN_OBJC_LITERAL_CONVERSION = YES;
				CLANG_WARN_OBJC_ROOT_CLASS = YES_ERROR;
				CLANG_WARN_RANGE_LOOP_ANALYSIS = YES;
				CLANG_WARN_STRICT_PROTOTYPES = YES;
				CLANG_WARN_SUSPICIOUS_MOVE = YES;
				CLANG_WARN_UNGUARDED_AVAILABILITY = YES_AGGRESSIVE;
				CLANG_WARN_UNREACHABLE_CODE = YES;
				CLANG_WARN__DUPLICATE_METHOD_MATCH = YES;
				CODE_SIGN_IDENTITY = "iPhone Developer";
				COPY_PHASE_STRIP = NO;
				DEBUG_INFORMATION_FORMAT = "dwarf-with-dsym";
				ENABLE_NS_ASSERTIONS = NO;
				ENABLE_STRICT_OBJC_MSGSEND = YES;
				GCC_C_LANGUAGE_STANDARD = gnu11;
				GCC_NO_COMMON_BLOCKS = YES;
				GCC_WARN_64_TO_32_BIT_CONVERSION = YES;
				GCC_WARN_ABOUT_RETURN_TYPE = YES_ERROR;
				GCC_WARN_UNDECLARED_SELECTOR = YES;
				GCC_WARN_UNINITIALIZED_AUTOS = YES_AGGRESSIVE;
				GCC_WARN_UNUSED_FUNCTION = YES;
				GCC_WARN_UNUSED_VARIABLE = YES;
				IPHONEOS_DEPLOYMENT_TARGET = 11.3;
				MTL_ENABLE_DEBUG_INFO = NO;
				SDKROOT = iphoneos;
				SWIFT_COMPILATION_MODE = wholemodule;
				SWIFT_OPTIMIZATION_LEVEL = "-O";
				VALIDATE_PRODUCT = YES;
			};
			name = Release;
		};
		4396708D20A5E340002BC11E /* Debug */ = {
			isa = XCBuildConfiguration;
			baseConfigurationReference = 00243FEF92DDA063658F7C7C /* Pods-POT.debug.xcconfig */;
			buildSettings = {
				ASSETCATALOG_COMPILER_APPICON_NAME = AppIcon;
				CODE_SIGN_STYLE = Automatic;
				DEVELOPMENT_TEAM = DM75P97468;
				INFOPLIST_FILE = POT/Info.plist;
				LD_RUNPATH_SEARCH_PATHS = (
					"$(inherited)",
					"@executable_path/Frameworks",
				);
				PRODUCT_BUNDLE_IDENTIFIER = SwiftMN.POT;
				PRODUCT_NAME = "$(TARGET_NAME)";
				SWIFT_VERSION = 4.0;
				TARGETED_DEVICE_FAMILY = "1,2";
			};
			name = Debug;
		};
		4396708E20A5E340002BC11E /* Release */ = {
			isa = XCBuildConfiguration;
			baseConfigurationReference = DD9108B68517BC7928E61937 /* Pods-POT.release.xcconfig */;
			buildSettings = {
				ASSETCATALOG_COMPILER_APPICON_NAME = AppIcon;
				CODE_SIGN_STYLE = Automatic;
				DEVELOPMENT_TEAM = DM75P97468;
				INFOPLIST_FILE = POT/Info.plist;
				LD_RUNPATH_SEARCH_PATHS = (
					"$(inherited)",
					"@executable_path/Frameworks",
				);
				PRODUCT_BUNDLE_IDENTIFIER = SwiftMN.POT;
				PRODUCT_NAME = "$(TARGET_NAME)";
				SWIFT_VERSION = 4.0;
				TARGETED_DEVICE_FAMILY = "1,2";
			};
			name = Release;
		};
		4396709020A5E340002BC11E /* Debug */ = {
			isa = XCBuildConfiguration;
			baseConfigurationReference = A5499D9CEDE1549D7A7A74E2 /* Pods-POTTests.debug.xcconfig */;
			buildSettings = {
				ALWAYS_EMBED_SWIFT_STANDARD_LIBRARIES = YES;
				BUNDLE_LOADER = "$(TEST_HOST)";
				CODE_SIGN_STYLE = Automatic;
				DEVELOPMENT_TEAM = DM75P97468;
				INFOPLIST_FILE = POTTests/Info.plist;
				LD_RUNPATH_SEARCH_PATHS = (
					"$(inherited)",
					"@executable_path/Frameworks",
					"@loader_path/Frameworks",
				);
				PRODUCT_BUNDLE_IDENTIFIER = SwiftMN.POTTests;
				PRODUCT_NAME = "$(TARGET_NAME)";
				SWIFT_VERSION = 4.0;
				TARGETED_DEVICE_FAMILY = "1,2";
				TEST_HOST = "$(BUILT_PRODUCTS_DIR)/POT.app/POT";
			};
			name = Debug;
		};
		4396709120A5E340002BC11E /* Release */ = {
			isa = XCBuildConfiguration;
			baseConfigurationReference = 86B00B8D1AB7FD24B1C678F9 /* Pods-POTTests.release.xcconfig */;
			buildSettings = {
				ALWAYS_EMBED_SWIFT_STANDARD_LIBRARIES = YES;
				BUNDLE_LOADER = "$(TEST_HOST)";
				CODE_SIGN_STYLE = Automatic;
				DEVELOPMENT_TEAM = DM75P97468;
				INFOPLIST_FILE = POTTests/Info.plist;
				LD_RUNPATH_SEARCH_PATHS = (
					"$(inherited)",
					"@executable_path/Frameworks",
					"@loader_path/Frameworks",
				);
				PRODUCT_BUNDLE_IDENTIFIER = SwiftMN.POTTests;
				PRODUCT_NAME = "$(TARGET_NAME)";
				SWIFT_VERSION = 4.0;
				TARGETED_DEVICE_FAMILY = "1,2";
				TEST_HOST = "$(BUILT_PRODUCTS_DIR)/POT.app/POT";
			};
			name = Release;
		};
		4396709320A5E340002BC11E /* Debug */ = {
			isa = XCBuildConfiguration;
			baseConfigurationReference = 108BC64967492ACBDC8BD2EE /* Pods-POTUITests.debug.xcconfig */;
			buildSettings = {
				ALWAYS_EMBED_SWIFT_STANDARD_LIBRARIES = YES;
				CODE_SIGN_STYLE = Automatic;
				DEVELOPMENT_TEAM = DM75P97468;
				INFOPLIST_FILE = POTUITests/Info.plist;
				LD_RUNPATH_SEARCH_PATHS = (
					"$(inherited)",
					"@executable_path/Frameworks",
					"@loader_path/Frameworks",
				);
				PRODUCT_BUNDLE_IDENTIFIER = SwiftMN.POTUITests;
				PRODUCT_NAME = "$(TARGET_NAME)";
				SWIFT_VERSION = 4.0;
				TARGETED_DEVICE_FAMILY = "1,2";
				TEST_TARGET_NAME = POT;
			};
			name = Debug;
		};
		4396709420A5E340002BC11E /* Release */ = {
			isa = XCBuildConfiguration;
			baseConfigurationReference = B325CB78D95DE11F1306A469 /* Pods-POTUITests.release.xcconfig */;
			buildSettings = {
				ALWAYS_EMBED_SWIFT_STANDARD_LIBRARIES = YES;
				CODE_SIGN_STYLE = Automatic;
				DEVELOPMENT_TEAM = DM75P97468;
				INFOPLIST_FILE = POTUITests/Info.plist;
				LD_RUNPATH_SEARCH_PATHS = (
					"$(inherited)",
					"@executable_path/Frameworks",
					"@loader_path/Frameworks",
				);
				PRODUCT_BUNDLE_IDENTIFIER = SwiftMN.POTUITests;
				PRODUCT_NAME = "$(TARGET_NAME)";
				SWIFT_VERSION = 4.0;
				TARGETED_DEVICE_FAMILY = "1,2";
				TEST_TARGET_NAME = POT;
			};
			name = Release;
		};
/* End XCBuildConfiguration section */

/* Begin XCConfigurationList section */
		4396705F20A5E33F002BC11E /* Build configuration list for PBXProject "POT" */ = {
			isa = XCConfigurationList;
			buildConfigurations = (
				4396708A20A5E340002BC11E /* Debug */,
				4396708B20A5E340002BC11E /* Release */,
			);
			defaultConfigurationIsVisible = 0;
			defaultConfigurationName = Release;
		};
		4396708C20A5E340002BC11E /* Build configuration list for PBXNativeTarget "POT" */ = {
			isa = XCConfigurationList;
			buildConfigurations = (
				4396708D20A5E340002BC11E /* Debug */,
				4396708E20A5E340002BC11E /* Release */,
			);
			defaultConfigurationIsVisible = 0;
			defaultConfigurationName = Release;
		};
		4396708F20A5E340002BC11E /* Build configuration list for PBXNativeTarget "POTTests" */ = {
			isa = XCConfigurationList;
			buildConfigurations = (
				4396709020A5E340002BC11E /* Debug */,
				4396709120A5E340002BC11E /* Release */,
			);
			defaultConfigurationIsVisible = 0;
			defaultConfigurationName = Release;
		};
		4396709220A5E340002BC11E /* Build configuration list for PBXNativeTarget "POTUITests" */ = {
			isa = XCConfigurationList;
			buildConfigurations = (
				4396709320A5E340002BC11E /* Debug */,
				4396709420A5E340002BC11E /* Release */,
			);
			defaultConfigurationIsVisible = 0;
			defaultConfigurationName = Release;
		};
/* End XCConfigurationList section */
	};
	rootObject = 4396705C20A5E33F002BC11E /* Project object */;
}
